
Microsoft Visual Studio Solution File, Format Version 12.00
# Visual Studio 15
VisualStudioVersion = 15.0.26430.12
MinimumVisualStudioVersion = 10.0.40219.1
Project("{FAE04EC0-301F-11D3-BF4B-00C04F79EFBC}") = "AudioTestApp", "AudioTestApp\AudioTestApp.csproj", "{7355C30C-A563-4A63-91B6-E6C22B3A87D4}"
EndProject
Project("{8BC9CEB8-8B4A-11D0-8D11-00A0C91BC942}") = "WindowsRuntimeComponent1", "WindowsRuntimeComponent1\WindowsRuntimeComponent1.vcxproj", "{32EAEADE-8636-470C-AE48-794EFB6F5795}"
EndProject
Global
	GlobalSection(SolutionConfigurationPlatforms) = preSolution
		Debug|ARM = Debug|ARM
		Debug|x64 = Debug|x64
		Debug|x86 = Debug|x86
		Release|ARM = Release|ARM
		Release|x64 = Release|x64
		Release|x86 = Release|x86
	EndGlobalSection
	GlobalSection(ProjectConfigurationPlatforms) = postSolution
		{7355C30C-A563-4A63-91B6-E6C22B3A87D4}.Debug|ARM.ActiveCfg = Debug|ARM
		{7355C30C-A563-4A63-91B6-E6C22B3A87D4}.Debug|ARM.Build.0 = Debug|ARM
		{7355C30C-A563-4A63-91B6-E6C22B3A87D4}.Debug|ARM.Deploy.0 = Debug|ARM
		{7355C30C-A563-4A63-91B6-E6C22B3A87D4}.Debug|x64.ActiveCfg = Debug|x64
		{7355C30C-A563-4A63-91B6-E6C22B3A87D4}.Debug|x64.Build.0 = Debug|x64
		{7355C30C-A563-4A63-91B6-E6C22B3A87D4}.Debug|x64.Deploy.0 = Debug|x64
		{7355C30C-A563-4A63-91B6-E6C22B3A87D4}.Debug|x86.ActiveCfg = Debug|x86
		{7355C30C-A563-4A63-91B6-E6C22B3A87D4}.Debug|x86.Build.0 = Debug|x86
		{7355C30C-A563-4A63-91B6-E6C22B3A87D4}.Debug|x86.Deploy.0 = Debug|x86
		{7355C30C-A563-4A63-91B6-E6C22B3A87D4}.Release|ARM.ActiveCfg = Release|ARM
		{7355C30C-A563-4A63-91B6-E6C22B3A87D4}.Release|ARM.Build.0 = Release|ARM
		{7355C30C-A563-4A63-91B6-E6C22B3A87D4}.Release|ARM.Deploy.0 = Release|ARM
		{7355C30C-A563-4A63-91B6-E6C22B3A87D4}.Release|x64.ActiveCfg = Release|x64
		{7355C30C-A563-4A63-91B6-E6C22B3A87D4}.Release|x64.Build.0 = Release|x64
		{7355C30C-A563-4A63-91B6-E6C22B3A87D4}.Release|x64.Deploy.0 = Release|x64
		{7355C30C-A563-4A63-91B6-E6C22B3A87D4}.Release|x86.ActiveCfg = Release|x86
		{7355C30C-A563-4A63-91B6-E6C22B3A87D4}.Release|x86.Build.0 = Release|x86
		{7355C30C-A563-4A63-91B6-E6C22B3A87D4}.Release|x86.Deploy.0 = Release|x86
		{32EAEADE-8636-470C-AE48-794EFB6F5795}.Debug|ARM.ActiveCfg = Debug|ARM
		{32EAEADE-8636-470C-AE48-794EFB6F5795}.Debug|ARM.Build.0 = Debug|ARM
		{32EAEADE-8636-470C-AE48-794EFB6F5795}.Debug|x64.ActiveCfg = Debug|x64
		{32EAEADE-8636-470C-AE48-794EFB6F5795}.Debug|x64.Build.0 = Debug|x64
		{32EAEADE-8636-470C-AE48-794EFB6F5795}.Debug|x86.ActiveCfg = Debug|Win32
		{32EAEADE-8636-470C-AE48-794EFB6F5795}.Debug|x86.Build.0 = Debug|Win32
		{32EAEADE-8636-470C-AE48-794EFB6F5795}.Release|ARM.ActiveCfg = Release|ARM
		{32EAEADE-8636-470C-AE48-794EFB6F5795}.Release|ARM.Build.0 = Release|ARM
		{32EAEADE-8636-470C-AE48-794EFB6F5795}.Release|x64.ActiveCfg = Release|x64
		{32EAEADE-8636-470C-AE48-794EFB6F5795}.Release|x64.Build.0 = Release|x64
		{32EAEADE-8636-470C-AE48-794EFB6F5795}.Release|x86.ActiveCfg = Release|Win32
		{32EAEADE-8636-470C-AE48-794EFB6F5795}.Release|x86.Build.0 = Release|Win32
	EndGlobalSection
	GlobalSection(SolutionProperties) = preSolution
		HideSolutionNode = FALSE
	EndGlobalSection
EndGlobal
